Microsoft Visual Studio Solution File, Format Version 12.00
# Visual Studio Version 17
VisualStudioVersion = 17.5.2.0
MinimumVisualStudioVersion = 10.0.40219.1
Project("{FAE04EC0-301F-11D3-BF4B-00C04F79EFBC}") = "MicrosoftLearn", "MicrosoftLearn.csproj", "{F641A3BB-21F3-67B0-2E1F-22495F7FF61F}"
EndProject
Global
	GlobalSection(SolutionConfigurationPlatforms) = preSolution
		Debug|Any CPU = Debug|Any CPU
		Release|Any CPU = Release|Any CPU
	EndGlobalSection
	GlobalSection(ProjectConfigurationPlatforms) = postSolution
		{F641A3BB-21F3-67B0-2E1F-22495F7FF61F}.Debug|Any CPU.ActiveCfg = Debug|Any CPU
		{F641A3BB-21F3-67B0-2E1F-22495F7FF61F}.Debug|Any CPU.Build.0 = Debug|Any CPU
		{F641A3BB-21F3-67B0-2E1F-22495F7FF61F}.Release|Any CPU.ActiveCfg = Release|Any CPU
		{F641A3BB-21F3-67B0-2E1F-22495F7FF61F}.Release|Any CPU.Build.0 = Release|Any CPU
	EndGlobalSection
	GlobalSection(SolutionProperties) = preSolution
		HideSolutionNode = FALSE
	EndGlobalSection
	GlobalSection(ExtensibilityGlobals) = postSolution
		SolutionGuid = {ACAAEE9E-7D98-45A6-A370-9DC349144304}
	EndGlobalSection
EndGlobal
